// !$*UTF8*$!
{
	archiveVersion = 1;
	classes = {
	};
	objectVersion = 77;
	objects = {

/* Begin PBXContainerItemProxy section */
		7CE623582E1FB051007C3CE8 /* PBXContainerItemProxy */ = {
			isa = PBXContainerItemProxy;
			containerPortal = 7CE623392E1FB04E007C3CE8 /* Project object */;
			proxyType = 1;
			remoteGlobalIDString = 7CE623402E1FB04E007C3CE8;
			remoteInfo = VoiceTest;
		};
		7CE623622E1FB051007C3CE8 /* PBXContainerItemProxy */ = {
			isa = PBXContainerItemProxy;
			containerPortal = 7CE623392E1FB04E007C3CE8 /* Project object */;
			proxyType = 1;
			remoteGlobalIDString = 7CE623402E1FB04E007C3CE8;
			remoteInfo = VoiceTest;
		};
/* End PBXContainerItemProxy section */

/* Begin PBXFileReference section */
		7CE623412E1FB04E007C3CE8 /* VoiceTest.app */ = {isa = PBXFileReference; explicitFileType = wrapper.application; includeInIndex = 0; path = VoiceTest.app; sourceTree = BUILT_PRODUCTS_DIR; };
		7CE623572E1FB051007C3CE8 /* VoiceTestTests.xctest */ = {isa = PBXFileReference; explicitFileType = wrapper.cfbundle; includeInIndex = 0; path = VoiceTestTests.xctest; sourceTree = BUILT_PRODUCTS_DIR; };
		7CE623612E1FB051007C3CE8 /* VoiceTestUITests.xctest */ = {isa = PBXFileReference; explicitFileType = wrapper.cfbundle; includeInIndex = 0; path = VoiceTestUITests.xctest; sourceTree = BUILT_PRODUCTS_DIR; };
/* End PBXFileReference section */

/* Begin PBXFileSystemSynchronizedBuildFileExceptionSet section */
		7CE623692E1FB051007C3CE8 /* Exceptions for "VoiceTest" folder in "VoiceTest" target */ = {
			isa = PBXFileSystemSynchronizedBuildFileExceptionSet;
			membershipExceptions = (
				Info.plist,
			);
			target = 7CE623402E1FB04E007C3CE8 /* VoiceTest */;
		};
/* End PBXFileSystemSynchronizedBuildFileExceptionSet section */

/* Begin PBXFileSystemSynchronizedRootGroup section */
		7CE623432E1FB04E007C3CE8 /* VoiceTest */ = {
			isa = PBXFileSystemSynchronizedRootGroup;
			exceptions = (
				7CE623692E1FB051007C3CE8 /* Exceptions for "VoiceTest" folder in "VoiceTest" target */,
			);
			path = VoiceTest;
			sourceTree = "<group>";
		};
		7CE6235A2E1FB051007C3CE8 /* VoiceTestTests */ = {
			isa = PBXFileSystemSynchronizedRootGroup;
			path = VoiceTestTests;
			sourceTree = "<group>";
		};
		7CE623642E1FB051007C3CE8 /* VoiceTestUITests */ = {
			isa = PBXFileSystemSynchronizedRootGroup;
			path = VoiceTestUITests;
			sourceTree = "<group>";
		};
/* End PBXFileSystemSynchronizedRootGroup section */

/* Begin PBXFrameworksBuildPhase section */
		7CE6233E2E1FB04E007C3CE8 /* Frameworks */ = {
			isa = PBXFrameworksBuildPhase;
			buildActionMask = 2147483647;
			files = (
			);
			runOnlyForDeploymentPostprocessing = 0;
		};
		7CE623542E1FB051007C3CE8 /* Frameworks */ = {
			isa = PBXFrameworksBuildPhase;
			buildActionMask = 2147483647;
			files = (
			);
			runOnlyForDeploymentPostprocessing = 0;
		};
		7CE6235E2E1FB051007C3CE8 /* Frameworks */ = {
			isa = PBXFrameworksBuildPhase;
			buildActionMask = 2147483647;
			files = (
			);
			runOnlyForDeploymentPostprocessing = 0;
		};
/* End PBXFrameworksBuildPhase section */

/* Begin PBXGroup section */
		7CE623382E1FB04E007C3CE8 = {
			isa = PBXGroup;
			children = (
				7CE623432E1FB04E007C3CE8 /* VoiceTest */,
				7CE6235A2E1FB051007C3CE8 /* VoiceTestTests */,
				7CE623642E1FB051007C3CE8 /* VoiceTestUITests */,
				7CE623422E1FB04E007C3CE8 /* Products */,
			);
			sourceTree = "<group>";
		};
		7CE623422E1FB04E007C3CE8 /* Products */ = {
			isa = PBXGroup;
			children = (
				7CE623412E1FB04E007C3CE8 /* VoiceTest.app */,
				7CE623572E1FB051007C3CE8 /* VoiceTestTests.xctest */,
				7CE623612E1FB051007C3CE8 /* VoiceTestUITests.xctest */,
			);
			name = Products;
			sourceTree = "<group>";
		};
/* End PBXGroup section */

/* Begin PBXNativeTarget section */
		7CE623402E1FB04E007C3CE8 /* VoiceTest */ = {
			isa = PBXNativeTarget;
			buildConfigurationList = 7CE6236A2E1FB051007C3CE8 /* Build configuration list for PBXNativeTarget "VoiceTest" */;
			buildPhases = (
				7CE6233D2E1FB04E007C3CE8 /* Sources */,
				7CE6233E2E1FB04E007C3CE8 /* Frameworks */,
				7CE6233F2E1FB04E007C3CE8 /* Resources */,
			);
			buildRules = (
			);
			dependencies = (
			);
			fileSystemSynchronizedGroups = (
				7CE623432E1FB04E007C3CE8 /* VoiceTest */,
			);
			name = VoiceTest;
			packageProductDependencies = (
			);
			productName = VoiceTest;
			productReference = 7CE623412E1FB04E007C3CE8 /* VoiceTest.app */;
			productType = "com.apple.product-type.application";
		};
		7CE623562E1FB051007C3CE8 /* VoiceTestTests */ = {
			isa = PBXNativeTarget;
			buildConfigurationList = 7CE6236F2E1FB051007C3CE8 /* Build configuration list for PBXNativeTarget "VoiceTestTests" */;
			buildPhases = (
				7CE623532E1FB051007C3CE8 /* Sources */,
				7CE623542E1FB051007C3CE8 /* Frameworks */,
				7CE623552E1FB051007C3CE8 /* Resources */,
			);
			buildRules = (
			);
			dependencies = (
				7CE623592E1FB051007C3CE8 /* PBXTargetDependency */,
			);
			fileSystemSynchronizedGroups = (
				7CE6235A2E1FB051007C3CE8 /* VoiceTestTests */,
			);
			name = VoiceTestTests;
			packageProductDependencies = (
			);
			productName = VoiceTestTests;
			productReference = 7CE623572E1FB051007C3CE8 /* VoiceTestTests.xctest */;
			productType = "com.apple.product-type.bundle.unit-test";
		};
		7CE623602E1FB051007C3CE8 /* VoiceTestUITests */ = {
			isa = PBXNativeTarget;
			buildConfigurationList = 7CE623722E1FB051007C3CE8 /* Build configuration list for PBXNativeTarget "VoiceTestUITests" */;
			buildPhases = (
				7CE6235D2E1FB051007C3CE8 /* Sources */,
				7CE6235E2E1FB051007C3CE8 /* Frameworks */,
				7CE6235F2E1FB051007C3CE8 /* Resources */,
			);
			buildRules = (
			);
			dependencies = (
				7CE623632E1FB051007C3CE8 /* PBXTargetDependency */,
			);
			fileSystemSynchronizedGroups = (
				7CE623642E1FB051007C3CE8 /* VoiceTestUITests */,
			);
			name = VoiceTestUITests;
			packageProductDependencies = (
			);
			productName = VoiceTestUITests;
			productReference = 7CE623612E1FB051007C3CE8 /* VoiceTestUITests.xctest */;
			productType = "com.apple.product-type.bundle.ui-testing";
		};
/* End PBXNativeTarget section */

/* Begin PBXProject section */
		7CE623392E1FB04E007C3CE8 /* Project object */ = {
			isa = PBXProject;
			attributes = {
				BuildIndependentTargetsInParallel = 1;
				LastSwiftUpdateCheck = 1620;
				LastUpgradeCheck = 1620;
				TargetAttributes = {
					7CE623402E1FB04E007C3CE8 = {
						CreatedOnToolsVersion = 16.2;
					};
					7CE623562E1FB051007C3CE8 = {
						CreatedOnToolsVersion = 16.2;
						TestTargetID = 7CE623402E1FB04E007C3CE8;
					};
					7CE623602E1FB051007C3CE8 = {
						CreatedOnToolsVersion = 16.2;
						TestTargetID = 7CE623402E1FB04E007C3CE8;
					};
				};
			};
			buildConfigurationList = 7CE6233C2E1FB04E007C3CE8 /* Build configuration list for PBXProject "VoiceTest" */;
			developmentRegion = en;
			hasScannedForEncodings = 0;
			knownRegions = (
				en,
				Base,
			);
			mainGroup = 7CE623382E1FB04E007C3CE8;
			minimizedProjectReferenceProxies = 1;
			preferredProjectObjectVersion = 77;
			productRefGroup = 7CE623422E1FB04E007C3CE8 /* Products */;
			projectDirPath = "";
			projectRoot = "";
			targets = (
				7CE623402E1FB04E007C3CE8 /* VoiceTest */,
				7CE623562E1FB051007C3CE8 /* VoiceTestTests */,
				7CE623602E1FB051007C3CE8 /* VoiceTestUITests */,
			);
		};
/* End PBXProject section */

/* Begin PBXResourcesBuildPhase section */
		7CE6233F2E1FB04E007C3CE8 /* Resources */ = {
			isa = PBXResourcesBuildPhase;
			buildActionMask = 2147483647;
			files = (
			);
			runOnlyForDeploymentPostprocessing = 0;
		};
		7CE623552E1FB051007C3CE8 /* Resources */ = {
			isa = PBXResourcesBuildPhase;
			buildActionMask = 2147483647;
			files = (
			);
			runOnlyForDeploymentPostprocessing = 0;
		};
		7CE6235F2E1FB051007C3CE8 /* Resources */ = {
			isa = PBXResourcesBuildPhase;
			buildActionMask = 2147483647;
			files = (
			);
			runOnlyForDeploymentPostprocessing = 0;
		};
/* End PBXResourcesBuildPhase section */

/* Begin PBXSourcesBuildPhase section */
		7CE6233D2E1FB04E007C3CE8 /* Sources */ = {
			isa = PBXSourcesBuildPhase;
			buildActionMask = 2147483647;
			files = (
			);
			runOnlyForDeploymentPostprocessing = 0;
		};
		7CE623532E1FB051007C3CE8 /* Sources */ = {
			isa = PBXSourcesBuildPhase;
			buildActionMask = 2147483647;
			files = (
			);
			runOnlyForDeploymentPostprocessing = 0;
		};
		7CE6235D2E1FB051007C3CE8 /* Sources */ = {
			isa = PBXSourcesBuildPhase;
			buildActionMask = 2147483647;
			files = (
			);
			runOnlyForDeploymentPostprocessing = 0;
		};
/* End PBXSourcesBuildPhase section */

/* Begin PBXTargetDependency section */
		7CE623592E1FB051007C3CE8 /* PBXTargetDependency */ = {
			isa = PBXTargetDependency;
			target = 7CE623402E1FB04E007C3CE8 /* VoiceTest */;
			targetProxy = 7CE623582E1FB051007C3CE8 /* PBXContainerItemProxy */;
		};
		7CE623632E1FB051007C3CE8 /* PBXTargetDependency */ = {
			isa = PBXTargetDependency;
			target = 7CE623402E1FB04E007C3CE8 /* VoiceTest */;
			targetProxy = 7CE623622E1FB051007C3CE8 /* PBXContainerItemProxy */;
		};
/* End PBXTargetDependency section */

/* Begin XCBuildConfiguration section */
		7CE6236B2E1FB051007C3CE8 /* Debug */ = {
			isa = XCBuildConfiguration;
			buildSettings = {
				ASSETCATALOG_COMPILER_APPICON_NAME = AppIcon;
				ASSETCATALOG_COMPILER_GLOBAL_ACCENT_COLOR_NAME = AccentColor;
				CODE_SIGN_STYLE = Automatic;
				CURRENT_PROJECT_VERSION = 1;
				GENERATE_INFOPLIST_FILE = YES;
				INFOPLIST_FILE = VoiceTest/Info.plist;
				INFOPLIST_KEY_UIApplicationSupportsIndirectInputEvents = YES;
				INFOPLIST_KEY_UILaunchStoryboardName = LaunchScreen;
				INFOPLIST_KEY_UIMainStoryboardFile = Main;
				INFOPLIST_KEY_UISupportedInterfaceOrientations_iPad = "UIInterfaceOrientationPortrait UIInterfaceOrientationPortraitUpsideDown UIInterfaceOrientationLandscapeLeft UIInterfaceOrientationLandscapeRight";
				INFOPLIST_KEY_UISupportedInterfaceOrientations_iPhone = "UIInterfaceOrientationPortrait UIInterfaceOrientationLandscapeLeft UIInterfaceOrientationLandscapeRight";
				LD_RUNPATH_SEARCH_PATHS = (
					"$(inherited)",
					"@executable_path/Frameworks",
				);
				MARKETING_VERSION = 1.0;
				PRODUCT_BUNDLE_IDENTIFIER = nj.VoiceTest;
				PRODUCT_NAME = "$(TARGET_NAME)";
				SWIFT_EMIT_LOC_STRINGS = YES;
				SWIFT_VERSION = 5.0;
				TARGETED_DEVICE_FAMILY = "1,2";
			};
			name = Debug;
		};
		7CE6236C2E1FB051007C3CE8 /* Release */ = {
			isa = XCBuildConfiguration;
			buildSettings = {
				ASSETCATALOG_COMPILER_APPICON_NAME = AppIcon;
				ASSETCATALOG_COMPILER_GLOBAL_ACCENT_COLOR_NAME = AccentColor;
				CODE_SIGN_STYLE = Automatic;
				CURRENT_PROJECT_VERSION = 1;
				GENERATE_INFOPLIST_FILE = YES;
				INFOPLIST_FILE = VoiceTest/Info.plist;
				INFOPLIST_KEY_UIApplicationSupportsIndirectInputEvents = YES;
				INFOPLIST_KEY_UILaunchStoryboardName = LaunchScreen;
				INFOPLIST_KEY_UIMainStoryboardFile = Main;
				INFOPLIST_KEY_UISupportedInterfaceOrientations_iPad = "UIInterfaceOrientationPortrait UIInterfaceOrientationPortraitUpsideDown UIInterfaceOrientationLandscapeLeft UIInterfaceOrientationLandscapeRight";
				INFOPLIST_KEY_UISupportedInterfaceOrientations_iPhone = "UIInterfaceOrientationPortrait UIInterfaceOrientationLandscapeLeft UIInterfaceOrientationLandscapeRight";
				LD_RUNPATH_SEARCH_PATHS = (
					"$(inherited)",
					"@executable_path/Frameworks",
				);
				MARKETING_VERSION = 1.0;
				PRODUCT_BUNDLE_IDENTIFIER = nj.VoiceTest;
				PRODUCT_NAME = "$(TARGET_NAME)";
				SWIFT_EMIT_LOC_STRINGS = YES;
				SWIFT_VERSION = 5.0;
				TARGETED_DEVICE_FAMILY = "1,2";
			};
			name = Release;
		};
		7CE6236D2E1FB051007C3CE8 /* Debug */ = {
			isa = XCBuildConfiguration;
			buildSettings = {
				ALWAYS_SEARCH_USER_PATHS = NO;
				ASSETCATALOG_COMPILER_GENERATE_SWIFT_ASSET_SYMBOL_EXTENSIONS = YES;
				CLANG_ANALYZER_NONNULL = YES;
				CLANG_ANALYZER_NUMBER_OBJECT_CONVERSION = YES_AGGRESSIVE;
				CLANG_CXX_LANGUAGE_STANDARD = "gnu++20";
				CLANG_ENABLE_MODULES = YES;
				CLANG_ENABLE_OBJC_ARC = YES;
				CLANG_ENABLE_OBJC_WEAK = YES;
				CLANG_WARN_BLOCK_CAPTURE_AUTORELEASING = YES;
				CLANG_WARN_BOOL_CONVERSION = YES;
				CLANG_WARN_COMMA = YES;
				CLANG_WARN_CONSTANT_CONVERSION = YES;
				CLANG_WARN_DEPRECATED_OBJC_IMPLEMENTATIONS = YES;
				CLANG_WARN_DIRECT_OBJC_ISA_USAGE = YES_ERROR;
				CLANG_WARN_DOCUMENTATION_COMMENTS = YES;
				CLANG_WARN_EMPTY_BODY = YES;
				CLANG_WARN_ENUM_CONVERSION = YES;
				CLANG_WARN_INFINITE_RECURSION = YES;
				CLANG_WARN_INT_CONVERSION = YES;
				CLANG_WARN_NON_LITERAL_NULL_CONVERSION = YES;
				CLANG_WARN_OBJC_IMPLICIT_RETAIN_SELF = YES;
				CLANG_WARN_OBJC_LITERAL_CONVERSION = YES;
				CLANG_WARN_OBJC_ROOT_CLASS = YES_ERROR;
				CLANG_WARN_QUOTED_INCLUDE_IN_FRAMEWORK_HEADER = YES;
				CLANG_WARN_RANGE_LOOP_ANALYSIS = YES;
				CLANG_WARN_STRICT_PROTOTYPES = YES;
				CLANG_WARN_SUSPICIOUS_MOVE = YES;
				CLANG_WARN_UNGUARDED_AVAILABILITY = YES_AGGRESSIVE;
				CLANG_WARN_UNREACHABLE_CODE = YES;
				CLANG_WARN__DUPLICATE_METHOD_MATCH = YES;
				COPY_PHASE_STRIP = NO;
				DEBUG_INFORMATION_FORMAT = dwarf;
				ENABLE_STRICT_OBJC_MSGSEND = YES;
				ENABLE_TESTABILITY = YES;
				ENABLE_USER_SCRIPT_SANDBOXING = YES;
				GCC_C_LANGUAGE_STANDARD = gnu17;
				GCC_DYNAMIC_NO_PIC = NO;
				GCC_NO_COMMON_BLOCKS = YES;
				GCC_OPTIMIZATION_LEVEL = 0;
				GCC_PREPROCESSOR_DEFINITIONS = (
					"DEBUG=1",
					"$(inherited)",
				);
				GCC_WARN_64_TO_32_BIT_CONVERSION = YES;
				GCC_WARN_ABOUT_RETURN_TYPE = YES_ERROR;
				GCC_WARN_UNDECLARED_SELECTOR = YES;
				GCC_WARN_UNINITIALIZED_AUTOS = YES_AGGRESSIVE;
				GCC_WARN_UNUSED_FUNCTION = YES;
				GCC_WARN_UNUSED_VARIABLE = YES;
				IPHONEOS_DEPLOYMENT_TARGET = 18.2;
				LOCALIZATION_PREFERS_STRING_CATALOGS = YES;
				MTL_ENABLE_DEBUG_INFO = INCLUDE_SOURCE;
				MTL_FAST_MATH = YES;
				ONLY_ACTIVE_ARCH = YES;
				SDKROOT = iphoneos;
				SWIFT_ACTIVE_COMPILATION_CONDITIONS = "DEBUG $(inherited)";
				SWIFT_OPTIMIZATION_LEVEL = "-Onone";
			};
			name = Debug;
		};
		7CE6236E2E1FB051007C3CE8 /* Release */ = {
			isa = XCBuildConfiguration;
			buildSettings = {
				ALWAYS_SEARCH_USER_PATHS = NO;
				ASSETCATALOG_COMPILER_GENERATE_SWIFT_ASSET_SYMBOL_EXTENSIONS = YES;
				CLANG_ANALYZER_NONNULL = YES;
				CLANG_ANALYZER_NUMBER_OBJECT_CONVERSION = YES_AGGRESSIVE;
				CLANG_CXX_LANGUAGE_STANDARD = "gnu++20";
				CLANG_ENABLE_MODULES = YES;
				CLANG_ENABLE_OBJC_ARC = YES;
				CLANG_ENABLE_OBJC_WEAK = YES;
				CLANG_WARN_BLOCK_CAPTURE_AUTORELEASING = YES;
				CLANG_WARN_BOOL_CONVERSION = YES;
				CLANG_WARN_COMMA = YES;
				CLANG_WARN_CONSTANT_CONVERSION = YES;
				CLANG_WARN_DEPRECATED_OBJC_IMPLEMENTATIONS = YES;
				CLANG_WARN_DIRECT_OBJC_ISA_USAGE = YES_ERROR;
				CLANG_WARN_DOCUMENTATION_COMMENTS = YES;
				CLANG_WARN_EMPTY_BODY = YES;
				CLANG_WARN_ENUM_CONVERSION = YES;
				CLANG_WARN_INFINITE_RECURSION = YES;
				CLANG_WARN_INT_CONVERSION = YES;
				CLANG_WARN_NON_LITERAL_NULL_CONVERSION = YES;
				CLANG_WARN_OBJC_IMPLICIT_RETAIN_SELF = YES;
				CLANG_WARN_OBJC_LITERAL_CONVERSION = YES;
				CLANG_WARN_OBJC_ROOT_CLASS = YES_ERROR;
				CLANG_WARN_QUOTED_INCLUDE_IN_FRAMEWORK_HEADER = YES;
				CLANG_WARN_RANGE_LOOP_ANALYSIS = YES;
				CLANG_WARN_STRICT_PROTOTYPES = YES;
				CLANG_WARN_SUSPICIOUS_MOVE = YES;
				CLANG_WARN_UNGUARDED_AVAILABILITY = YES_AGGRESSIVE;
				CLANG_WARN_UNREACHABLE_CODE = YES;
				CLANG_WARN__DUPLICATE_METHOD_MATCH = YES;
				COPY_PHASE_STRIP = NO;
				DEBUG_INFORMATION_FORMAT = "dwarf-with-dsym";
				ENABLE_NS_ASSERTIONS = NO;
				ENABLE_STRICT_OBJC_MSGSEND = YES;
				ENABLE_USER_SCRIPT_SANDBOXING = YES;
				GCC_C_LANGUAGE_STANDARD = gnu17;
				GCC_NO_COMMON_BLOCKS = YES;
				GCC_WARN_64_TO_32_BIT_CONVERSION = YES;
				GCC_WARN_ABOUT_RETURN_TYPE = YES_ERROR;
				GCC_WARN_UNDECLARED_SELECTOR = YES;
				GCC_WARN_UNINITIALIZED_AUTOS = YES_AGGRESSIVE;
				GCC_WARN_UNUSED_FUNCTION = YES;
				GCC_WARN_UNUSED_VARIABLE = YES;
				IPHONEOS_DEPLOYMENT_TARGET = 18.2;
				LOCALIZATION_PREFERS_STRING_CATALOGS = YES;
				MTL_ENABLE_DEBUG_INFO = NO;
				MTL_FAST_MATH = YES;
				SDKROOT = iphoneos;
				SWIFT_COMPILATION_MODE = wholemodule;
				VALIDATE_PRODUCT = YES;
			};
			name = Release;
		};
		7CE623702E1FB051007C3CE8 /* Debug */ = {
			isa = XCBuildConfiguration;
			buildSettings = {
				BUNDLE_LOADER = "$(TEST_HOST)";
				CODE_SIGN_STYLE = Automatic;
				CURRENT_PROJECT_VERSION = 1;
				GENERATE_INFOPLIST_FILE = YES;
				IPHONEOS_DEPLOYMENT_TARGET = 18.2;
				MARKETING_VERSION = 1.0;
				PRODUCT_BUNDLE_IDENTIFIER = nj.VoiceTestTests;
				PRODUCT_NAME = "$(TARGET_NAME)";
				SWIFT_EMIT_LOC_STRINGS = NO;
				SWIFT_VERSION = 5.0;
				TARGETED_DEVICE_FAMILY = "1,2";
				TEST_HOST = "$(BUILT_PRODUCTS_DIR)/VoiceTest.app/$(BUNDLE_EXECUTABLE_FOLDER_PATH)/VoiceTest";
			};
			name = Debug;
		};
		7CE623712E1FB051007C3CE8 /* Release */ = {
			isa = XCBuildConfiguration;
			buildSettings = {
				BUNDLE_LOADER = "$(TEST_HOST)";
				CODE_SIGN_STYLE = Automatic;
				CURRENT_PROJECT_VERSION = 1;
				GENERATE_INFOPLIST_FILE = YES;
				IPHONEOS_DEPLOYMENT_TARGET = 18.2;
				MARKETING_VERSION = 1.0;
				PRODUCT_BUNDLE_IDENTIFIER = nj.VoiceTestTests;
				PRODUCT_NAME = "$(TARGET_NAME)";
				SWIFT_EMIT_LOC_STRINGS = NO;
				SWIFT_VERSION = 5.0;
				TARGETED_DEVICE_FAMILY = "1,2";
				TEST_HOST = "$(BUILT_PRODUCTS_DIR)/VoiceTest.app/$(BUNDLE_EXECUTABLE_FOLDER_PATH)/VoiceTest";
			};
			name = Release;
		};
		7CE623732E1FB051007C3CE8 /* Debug */ = {
			isa = XCBuildConfiguration;
			buildSettings = {
				CODE_SIGN_STYLE = Automatic;
				CURRENT_PROJECT_VERSION = 1;
				GENERATE_INFOPLIST_FILE = YES;
				MARKETING_VERSION = 1.0;
				PRODUCT_BUNDLE_IDENTIFIER = nj.VoiceTestUITests;
				PRODUCT_NAME = "$(TARGET_NAME)";
				SWIFT_EMIT_LOC_STRINGS = NO;
				SWIFT_VERSION = 5.0;
				TARGETED_DEVICE_FAMILY = "1,2";
				TEST_TARGET_NAME = VoiceTest;
			};
			name = Debug;
		};
		7CE623742E1FB051007C3CE8 /* Release */ = {
			isa = XCBuildConfiguration;
			buildSettings = {
				CODE_SIGN_STYLE = Automatic;
				CURRENT_PROJECT_VERSION = 1;
				GENERATE_INFOPLIST_FILE = YES;
				MARKETING_VERSION = 1.0;
				PRODUCT_BUNDLE_IDENTIFIER = nj.VoiceTestUITests;
				PRODUCT_NAME = "$(TARGET_NAME)";
				SWIFT_EMIT_LOC_STRINGS = NO;
				SWIFT_VERSION = 5.0;
				TARGETED_DEVICE_FAMILY = "1,2";
				TEST_TARGET_NAME = VoiceTest;
			};
			name = Release;
		};
/* End XCBuildConfiguration section */

/* Begin XCConfigurationList section */
		7CE6233C2E1FB04E007C3CE8 /* Build configuration list for PBXProject "VoiceTest" */ = {
			isa = XCConfigurationList;
			buildConfigurations = (
				7CE6236D2E1FB051007C3CE8 /* Debug */,
				7CE6236E2E1FB051007C3CE8 /* Release */,
			);
			defaultConfigurationIsVisible = 0;
			defaultConfigurationName = Release;
		};
		7CE6236A2E1FB051007C3CE8 /* Build configuration list for PBXNativeTarget "VoiceTest" */ = {
			isa = XCConfigurationList;
			buildConfigurations = (
				7CE6236B2E1FB051007C3CE8 /* Debug */,
				7CE6236C2E1FB051007C3CE8 /* Release */,
			);
			defaultConfigurationIsVisible = 0;
			defaultConfigurationName = Release;
		};
		7CE6236F2E1FB051007C3CE8 /* Build configuration list for PBXNativeTarget "VoiceTestTests" */ = {
			isa = XCConfigurationList;
			buildConfigurations = (
				7CE623702E1FB051007C3CE8 /* Debug */,
				7CE623712E1FB051007C3CE8 /* Release */,
			);
			defaultConfigurationIsVisible = 0;
			defaultConfigurationName = Release;
		};
		7CE623722E1FB051007C3CE8 /* Build configuration list for PBXNativeTarget "VoiceTestUITests" */ = {
			isa = XCConfigurationList;
			buildConfigurations = (
				7CE623732E1FB051007C3CE8 /* Debug */,
				7CE623742E1FB051007C3CE8 /* Release */,
			);
			defaultConfigurationIsVisible = 0;
			defaultConfigurationName = Release;
		};
/* End XCConfigurationList section */
	};
	rootObject = 7CE623392E1FB04E007C3CE8 /* Project object */;
}
